
Microsoft Visual Studio Solution File, Format Version 12.00
# Visual Studio Version 16
VisualStudioVersion = 16.0.31321.278
MinimumVisualStudioVersion = 10.0.40219.1
Project("{FAE04EC0-301F-11D3-BF4B-00C04F79EFBC}") = "ApiConnectMobile_CSharp", "ApiConnectMobile_CSharp\ApiConnectMobile_CSharp.csproj", "{7BB6D12F-54C5-4F8D-84CC-DF49A2F87BAC}"
EndProject
Global
	GlobalSection(SolutionConfigurationPlatforms) = preSolution
		Debug|Any CPU = Debug|Any CPU
		Release|Any CPU = Release|Any CPU
	EndGlobalSection
	GlobalSection(ProjectConfigurationPlatforms) = postSolution
		{7BB6D12F-54C5-4F8D-84CC-DF49A2F87BAC}.Debug|Any CPU.ActiveCfg = Debug|Any CPU
		{7BB6D12F-54C5-4F8D-84CC-DF49A2F87BAC}.Debug|Any CPU.Build.0 = Debug|Any CPU
		{7BB6D12F-54C5-4F8D-84CC-DF49A2F87BAC}.Release|Any CPU.ActiveCfg = Release|Any CPU
		{7BB6D12F-54C5-4F8D-84CC-DF49A2F87BAC}.Release|Any CPU.Build.0 = Release|Any CPU
	EndGlobalSection
	GlobalSection(SolutionProperties) = preSolution
		HideSolutionNode = FALSE
	EndGlobalSection
	GlobalSection(ExtensibilityGlobals) = postSolution
		SolutionGuid = {00CF8DE8-DD39-4C28-978B-B9A20159EC45}
	EndGlobalSection
EndGlobal
